
Microsoft Visual Studio Solution File, Format Version 12.00
# Visual Studio Version 17
VisualStudioVersion = 17.5.33530.505
MinimumVisualStudioVersion = 10.0.40219.1
Project("{8BC9CEB8-8B4A-11D0-8D11-00A0C91BC942}") = "diplom_practica", "diplom_practica\diplom_practica.vcxproj", "{CCEDF40D-7E3B-4D82-8035-888DC1C5264F}"
EndProject
Global
	GlobalSection(SolutionConfigurationPlatforms) = preSolution
		Debug|x64 = Debug|x64
		Debug|x86 = Debug|x86
		Release|x64 = Release|x64
		Release|x86 = Release|x86
	EndGlobalSection
	GlobalSection(ProjectConfigurationPlatforms) = postSolution
		{CCEDF40D-7E3B-4D82-8035-888DC1C5264F}.Debug|x64.ActiveCfg = Debug|x64
		{CCEDF40D-7E3B-4D82-8035-888DC1C5264F}.Debug|x64.Build.0 = Debug|x64
		{CCEDF40D-7E3B-4D82-8035-888DC1C5264F}.Debug|x86.ActiveCfg = Debug|Win32
		{CCEDF40D-7E3B-4D82-8035-888DC1C5264F}.Debug|x86.Build.0 = Debug|Win32
		{CCEDF40D-7E3B-4D82-8035-888DC1C5264F}.Release|x64.ActiveCfg = Release|x64
		{CCEDF40D-7E3B-4D82-8035-888DC1C5264F}.Release|x64.Build.0 = Release|x64
		{CCEDF40D-7E3B-4D82-8035-888DC1C5264F}.Release|x86.ActiveCfg = Release|Win32
		{CCEDF40D-7E3B-4D82-8035-888DC1C5264F}.Release|x86.Build.0 = Release|Win32
	EndGlobalSection
	GlobalSection(SolutionProperties) = preSolution
		HideSolutionNode = FALSE
	EndGlobalSection
	GlobalSection(ExtensibilityGlobals) = postSolution
		SolutionGuid = {68AAEF3D-C352-47F9-913C-ACF6468663AF}
	EndGlobalSection
EndGlobal
